
Microsoft Visual Studio Solution File, Format Version 12.00
# Visual Studio Version 17
VisualStudioVersion = 17.4.33205.214
MinimumVisualStudioVersion = 10.0.40219.1
Project("{FAE04EC0-301F-11D3-BF4B-00C04F79EFBC}") = "InventoryApp", "InventoryApp\InventoryApp.csproj", "{40A42115-96A6-4ED1-86AC-286A3A530DB4}"
EndProject
Global
	GlobalSection(SolutionConfigurationPlatforms) = preSolution
		Debug|Any CPU = Debug|Any CPU
		Release|Any CPU = Release|Any CPU
	EndGlobalSection
	GlobalSection(ProjectConfigurationPlatforms) = postSolution
		{40A42115-96A6-4ED1-86AC-286A3A530DB4}.Debug|Any CPU.ActiveCfg = Debug|Any CPU
		{40A42115-96A6-4ED1-86AC-286A3A530DB4}.Debug|Any CPU.Build.0 = Debug|Any CPU
		{40A42115-96A6-4ED1-86AC-286A3A530DB4}.Release|Any CPU.ActiveCfg = Release|Any CPU
		{40A42115-96A6-4ED1-86AC-286A3A530DB4}.Release|Any CPU.Build.0 = Release|Any CPU
	EndGlobalSection
	GlobalSection(SolutionProperties) = preSolution
		HideSolutionNode = FALSE
	EndGlobalSection
	GlobalSection(ExtensibilityGlobals) = postSolution
		SolutionGuid = {4826E3CC-9C05-4A0E-85A0-631C44B9DD23}
	EndGlobalSection
EndGlobal
