
Microsoft Visual Studio Solution File, Format Version 12.00
# Visual Studio Version 17
VisualStudioVersion = 17.4.33205.214
MinimumVisualStudioVersion = 10.0.40219.1
Project("{9A19103F-16F7-4668-BE54-9A1E7A4F7556}") = "LagerStatus", "LagerStatus\LagerStatus.csproj", "{2928F3CA-13D6-43E0-B187-CB267979E406}"
EndProject
Global
	GlobalSection(SolutionConfigurationPlatforms) = preSolution
		Debug|Any CPU = Debug|Any CPU
		Release|Any CPU = Release|Any CPU
	EndGlobalSection
	GlobalSection(ProjectConfigurationPlatforms) = postSolution
		{2928F3CA-13D6-43E0-B187-CB267979E406}.Debug|Any CPU.ActiveCfg = Debug|Any CPU
		{2928F3CA-13D6-43E0-B187-CB267979E406}.Debug|Any CPU.Build.0 = Debug|Any CPU
		{2928F3CA-13D6-43E0-B187-CB267979E406}.Release|Any CPU.ActiveCfg = Release|Any CPU
		{2928F3CA-13D6-43E0-B187-CB267979E406}.Release|Any CPU.Build.0 = Release|Any CPU
	EndGlobalSection
	GlobalSection(SolutionProperties) = preSolution
		HideSolutionNode = FALSE
	EndGlobalSection
	GlobalSection(ExtensibilityGlobals) = postSolution
		SolutionGuid = {4E20510C-4774-4065-A446-3D3F875DA098}
	EndGlobalSection
EndGlobal
